uuid: ca7c8dcf-0d5a-481e-9000-0b420ec9fe71
langcode: en
status: true
dependencies:
  module:
    - node
  theme:
    - bartik
id: newheaderblock
theme: bartik
region: header
weight: null
provider: null
plugin: 'block_content:2ac3be68-adb2-4769-910b-11b40c16ac11'
settings:
  id: 'block_content:2ac3be68-adb2-4769-910b-11b40c16ac11'
  label: 'New Header Block!!'
  provider: core
  label_display: visible
  status: true
  info: ''
  view_mode: full
visibility:
  node_type:
    id: node_type
    bundles:
      article: article
      page: page
    negate: false
    context_mapping:
      node: '@node.node_route_context:node'
